
Microsoft Visual Studio Solution File, Format Version 12.00
# Visual Studio Version 17
VisualStudioVersion = 17.9.34607.119
MinimumVisualStudioVersion = 10.0.40219.1
Project("{9A19103F-16F7-4668-BE54-9A1E7A4F7556}") = "Orders.Backend", "Orders.Backend\Orders.Backend.csproj", "{228C4454-C72D-43F6-AEED-3E5975BBEA63}"
EndProject
Project("{9A19103F-16F7-4668-BE54-9A1E7A4F7556}") = "Orders.Frontend", "Orders.Frontend\Orders.Frontend.csproj", "{4E884C7C-3634-44FA-8026-9CFB942582FC}"
EndProject
Project("{9A19103F-16F7-4668-BE54-9A1E7A4F7556}") = "Orders.Shared", "Orders.Shared\Orders.Shared.csproj", "{A45ED87C-6479-421C-A1DD-53F7D230771C}"
EndProject
Project("{9A19103F-16F7-4668-BE54-9A1E7A4F7556}") = "Orders.Tests", "Orders.Tests\Orders.Tests.csproj", "{435B845C-55B6-49B6-B2AD-8BE692B6FAC4}"
EndProject
Global
	GlobalSection(SolutionConfigurationPlatforms) = preSolution
		Debug|Any CPU = Debug|Any CPU
		Release|Any CPU = Release|Any CPU
	EndGlobalSection
	GlobalSection(ProjectConfigurationPlatforms) = postSolution
		{228C4454-C72D-43F6-AEED-3E5975BBEA63}.Debug|Any CPU.ActiveCfg = Debug|Any CPU
		{228C4454-C72D-43F6-AEED-3E5975BBEA63}.Debug|Any CPU.Build.0 = Debug|Any CPU
		{228C4454-C72D-43F6-AEED-3E5975BBEA63}.Release|Any CPU.ActiveCfg = Release|Any CPU
		{228C4454-C72D-43F6-AEED-3E5975BBEA63}.Release|Any CPU.Build.0 = Release|Any CPU
		{4E884C7C-3634-44FA-8026-9CFB942582FC}.Debug|Any CPU.ActiveCfg = Debug|Any CPU
		{4E884C7C-3634-44FA-8026-9CFB942582FC}.Debug|Any CPU.Build.0 = Debug|Any CPU
		{4E884C7C-3634-44FA-8026-9CFB942582FC}.Release|Any CPU.ActiveCfg = Release|Any CPU
		{4E884C7C-3634-44FA-8026-9CFB942582FC}.Release|Any CPU.Build.0 = Release|Any CPU
		{A45ED87C-6479-421C-A1DD-53F7D230771C}.Debug|Any CPU.ActiveCfg = Debug|Any CPU
		{A45ED87C-6479-421C-A1DD-53F7D230771C}.Debug|Any CPU.Build.0 = Debug|Any CPU
		{A45ED87C-6479-421C-A1DD-53F7D230771C}.Release|Any CPU.ActiveCfg = Release|Any CPU
		{A45ED87C-6479-421C-A1DD-53F7D230771C}.Release|Any CPU.Build.0 = Release|Any CPU
		{435B845C-55B6-49B6-B2AD-8BE692B6FAC4}.Debug|Any CPU.ActiveCfg = Debug|Any CPU
		{435B845C-55B6-49B6-B2AD-8BE692B6FAC4}.Debug|Any CPU.Build.0 = Debug|Any CPU
		{435B845C-55B6-49B6-B2AD-8BE692B6FAC4}.Release|Any CPU.ActiveCfg = Release|Any CPU
		{435B845C-55B6-49B6-B2AD-8BE692B6FAC4}.Release|Any CPU.Build.0 = Release|Any CPU
	EndGlobalSection
	GlobalSection(SolutionProperties) = preSolution
		HideSolutionNode = FALSE
	EndGlobalSection
	GlobalSection(ExtensibilityGlobals) = postSolution
		SolutionGuid = {9EF648CC-4B6D-40AE-A8FD-A68138531416}
	EndGlobalSection
EndGlobal
